
Microsoft Visual Studio Solution File, Format Version 12.00
# Visual Studio Version 17
VisualStudioVersion = 17.5.33530.505
MinimumVisualStudioVersion = 10.0.40219.1
Project("{FAE04EC0-301F-11D3-BF4B-00C04F79EFBC}") = "WebApi", "WebApi\WebApi.csproj", "{D96D6727-8D9D-4A24-ABF6-E4D0BD99CCF4}"
EndProject
Project("{FAE04EC0-301F-11D3-BF4B-00C04F79EFBC}") = "Persistence", "Persistence\Persistence.csproj", "{C231815A-EDFE-4142-937B-A67A0A69343A}"
EndProject
Project("{FAE04EC0-301F-11D3-BF4B-00C04F79EFBC}") = "Domain", "Domain\Domain.csproj", "{5721D0F0-F985-4BF4-AF86-9E69FAF7390E}"
EndProject
Project("{FAE04EC0-301F-11D3-BF4B-00C04F79EFBC}") = "Application", "Application\Application.csproj", "{DD17A22D-1F20-46DD-BDD6-FE03F6949068}"
EndProject
Project("{FAE04EC0-301F-11D3-BF4B-00C04F79EFBC}") = "Infrastructure", "Infrastructure\Infrastructure.csproj", "{65F6625C-976D-4BB8-AC13-1642C24B3726}"
EndProject
Global
	GlobalSection(SolutionConfigurationPlatforms) = preSolution
		Debug|Any CPU = Debug|Any CPU
		Release|Any CPU = Release|Any CPU
	EndGlobalSection
	GlobalSection(ProjectConfigurationPlatforms) = postSolution
		{D96D6727-8D9D-4A24-ABF6-E4D0BD99CCF4}.Debug|Any CPU.ActiveCfg = Debug|Any CPU
		{D96D6727-8D9D-4A24-ABF6-E4D0BD99CCF4}.Debug|Any CPU.Build.0 = Debug|Any CPU
		{D96D6727-8D9D-4A24-ABF6-E4D0BD99CCF4}.Release|Any CPU.ActiveCfg = Release|Any CPU
		{D96D6727-8D9D-4A24-ABF6-E4D0BD99CCF4}.Release|Any CPU.Build.0 = Release|Any CPU
		{C231815A-EDFE-4142-937B-A67A0A69343A}.Debug|Any CPU.ActiveCfg = Debug|Any CPU
		{C231815A-EDFE-4142-937B-A67A0A69343A}.Debug|Any CPU.Build.0 = Debug|Any CPU
		{C231815A-EDFE-4142-937B-A67A0A69343A}.Release|Any CPU.ActiveCfg = Release|Any CPU
		{C231815A-EDFE-4142-937B-A67A0A69343A}.Release|Any CPU.Build.0 = Release|Any CPU
		{5721D0F0-F985-4BF4-AF86-9E69FAF7390E}.Debug|Any CPU.ActiveCfg = Debug|Any CPU
		{5721D0F0-F985-4BF4-AF86-9E69FAF7390E}.Debug|Any CPU.Build.0 = Debug|Any CPU
		{5721D0F0-F985-4BF4-AF86-9E69FAF7390E}.Release|Any CPU.ActiveCfg = Release|Any CPU
		{5721D0F0-F985-4BF4-AF86-9E69FAF7390E}.Release|Any CPU.Build.0 = Release|Any CPU
		{DD17A22D-1F20-46DD-BDD6-FE03F6949068}.Debug|Any CPU.ActiveCfg = Debug|Any CPU
		{DD17A22D-1F20-46DD-BDD6-FE03F6949068}.Debug|Any CPU.Build.0 = Debug|Any CPU
		{DD17A22D-1F20-46DD-BDD6-FE03F6949068}.Release|Any CPU.ActiveCfg = Release|Any CPU
		{DD17A22D-1F20-46DD-BDD6-FE03F6949068}.Release|Any CPU.Build.0 = Release|Any CPU
		{65F6625C-976D-4BB8-AC13-1642C24B3726}.Debug|Any CPU.ActiveCfg = Debug|Any CPU
		{65F6625C-976D-4BB8-AC13-1642C24B3726}.Debug|Any CPU.Build.0 = Debug|Any CPU
		{65F6625C-976D-4BB8-AC13-1642C24B3726}.Release|Any CPU.ActiveCfg = Release|Any CPU
		{65F6625C-976D-4BB8-AC13-1642C24B3726}.Release|Any CPU.Build.0 = Release|Any CPU
	EndGlobalSection
	GlobalSection(SolutionProperties) = preSolution
		HideSolutionNode = FALSE
	EndGlobalSection
	GlobalSection(ExtensibilityGlobals) = postSolution
		SolutionGuid = {9042E888-B12C-4C4F-AF88-36234D4A1D7D}
	EndGlobalSection
EndGlobal
